
Microsoft Visual Studio Solution File, Format Version 12.00
# Visual Studio Version 17
VisualStudioVersion = 17.4.33110.190
MinimumVisualStudioVersion = 10.0.40219.1
Project("{9A19103F-16F7-4668-BE54-9A1E7A4F7556}") = "DataAccess", "Context\DataAccess\DataAccess.csproj", "{B08692DA-8E74-4F3D-9B8E-66C5962BD7D1}"
EndProject
Project("{2150E333-8FDC-42A3-9474-1A3956D46DE8}") = "Context", "Context", "{27E20B8D-3948-41A2-9271-69D850357C35}"
EndProject
Project("{9A19103F-16F7-4668-BE54-9A1E7A4F7556}") = "Domain", "Context\Domain\Domain.csproj", "{932A6303-B363-4739-9051-C195C54D9C1C}"
EndProject
Project("{9A19103F-16F7-4668-BE54-9A1E7A4F7556}") = "Models", "Context\Models\Models.csproj", "{D571B3C8-F426-4A5B-BEB7-0B2D5B95A6C4}"
EndProject
Project("{2150E333-8FDC-42A3-9474-1A3956D46DE8}") = "1_Host", "1_Host", "{C4DEA4A3-B50A-4ACD-9017-4919576CE069}"
EndProject
Project("{2150E333-8FDC-42A3-9474-1A3956D46DE8}") = "2_Domain", "2_Domain", "{229E6D6C-AB33-4095-A09B-647434079280}"
EndProject
Project("{2150E333-8FDC-42A3-9474-1A3956D46DE8}") = "3_DataAccess", "3_DataAccess", "{A880C40E-8DAF-4EFF-AE50-B8983AF424D3}"
EndProject
Project("{2150E333-8FDC-42A3-9474-1A3956D46DE8}") = "SimpleBlog", "SimpleBlog", "{1B6D9C2E-9D39-49E2-8522-29049C3D4821}"
EndProject
Project("{9A19103F-16F7-4668-BE54-9A1E7A4F7556}") = "Host", "Context\Host\Host.csproj", "{0CCED088-DBB6-4DA2-8DFC-D9968EEBB9FA}"
EndProject
Project("{2150E333-8FDC-42A3-9474-1A3956D46DE8}") = ".root", ".root", "{5366F688-8087-42D7-BBB3-3D8E6391AD44}"
	ProjectSection(SolutionItems) = preProject
		..\Directory.Packages.props = ..\Directory.Packages.props
		..\global.json = ..\global.json
	EndProjectSection
EndProject
Project("{2150E333-8FDC-42A3-9474-1A3956D46DE8}") = "samples", "samples", "{ED7512B7-0598-4815-9DE5-B3BE0F55C1D2}"
	ProjectSection(SolutionItems) = preProject
		Directory.Packages.props = Directory.Packages.props
	EndProjectSection
EndProject
Project("{FAE04EC0-301F-11D3-BF4B-00C04F79EFBC}") = "Context", "..\src\Context\Context.csproj", "{C3BB5B96-BE90-43F8-BB59-C4610E21152A}"
EndProject
Project("{2150E333-8FDC-42A3-9474-1A3956D46DE8}") = "src", "src", "{97896734-F855-4E7F-8BAF-9099D8ABCC90}"
EndProject
Project("{FAE04EC0-301F-11D3-BF4B-00C04F79EFBC}") = "Transactions", "..\src\Transactions\Transactions.csproj", "{E4C04570-8EB7-48B6-9099-01BAE4F1155F}"
EndProject
Project("{FAE04EC0-301F-11D3-BF4B-00C04F79EFBC}") = "Session", "..\src\Session\Session.csproj", "{ED223FF3-7F6B-46B5-9A87-6694DB555C6C}"
EndProject
Project("{FAE04EC0-301F-11D3-BF4B-00C04F79EFBC}") = "Prime.Extensions", "..\src\Prime.Extensions\Prime.Extensions.csproj", "{67DC36E5-D3B7-4912-A255-D582B1DEB728}"
EndProject
Global
	GlobalSection(SolutionConfigurationPlatforms) = preSolution
		Debug|Any CPU = Debug|Any CPU
		Release|Any CPU = Release|Any CPU
	EndGlobalSection
	GlobalSection(ProjectConfigurationPlatforms) = postSolution
		{B08692DA-8E74-4F3D-9B8E-66C5962BD7D1}.Debug|Any CPU.ActiveCfg = Debug|Any CPU
		{B08692DA-8E74-4F3D-9B8E-66C5962BD7D1}.Debug|Any CPU.Build.0 = Debug|Any CPU
		{B08692DA-8E74-4F3D-9B8E-66C5962BD7D1}.Release|Any CPU.ActiveCfg = Release|Any CPU
		{B08692DA-8E74-4F3D-9B8E-66C5962BD7D1}.Release|Any CPU.Build.0 = Release|Any CPU
		{932A6303-B363-4739-9051-C195C54D9C1C}.Debug|Any CPU.ActiveCfg = Debug|Any CPU
		{932A6303-B363-4739-9051-C195C54D9C1C}.Debug|Any CPU.Build.0 = Debug|Any CPU
		{932A6303-B363-4739-9051-C195C54D9C1C}.Release|Any CPU.ActiveCfg = Release|Any CPU
		{932A6303-B363-4739-9051-C195C54D9C1C}.Release|Any CPU.Build.0 = Release|Any CPU
		{D571B3C8-F426-4A5B-BEB7-0B2D5B95A6C4}.Debug|Any CPU.ActiveCfg = Debug|Any CPU
		{D571B3C8-F426-4A5B-BEB7-0B2D5B95A6C4}.Debug|Any CPU.Build.0 = Debug|Any CPU
		{D571B3C8-F426-4A5B-BEB7-0B2D5B95A6C4}.Release|Any CPU.ActiveCfg = Release|Any CPU
		{D571B3C8-F426-4A5B-BEB7-0B2D5B95A6C4}.Release|Any CPU.Build.0 = Release|Any CPU
		{0CCED088-DBB6-4DA2-8DFC-D9968EEBB9FA}.Debug|Any CPU.ActiveCfg = Debug|Any CPU
		{0CCED088-DBB6-4DA2-8DFC-D9968EEBB9FA}.Debug|Any CPU.Build.0 = Debug|Any CPU
		{0CCED088-DBB6-4DA2-8DFC-D9968EEBB9FA}.Release|Any CPU.ActiveCfg = Release|Any CPU
		{0CCED088-DBB6-4DA2-8DFC-D9968EEBB9FA}.Release|Any CPU.Build.0 = Release|Any CPU
		{C3BB5B96-BE90-43F8-BB59-C4610E21152A}.Debug|Any CPU.ActiveCfg = Debug|Any CPU
		{C3BB5B96-BE90-43F8-BB59-C4610E21152A}.Debug|Any CPU.Build.0 = Debug|Any CPU
		{C3BB5B96-BE90-43F8-BB59-C4610E21152A}.Release|Any CPU.ActiveCfg = Release|Any CPU
		{C3BB5B96-BE90-43F8-BB59-C4610E21152A}.Release|Any CPU.Build.0 = Release|Any CPU
		{E4C04570-8EB7-48B6-9099-01BAE4F1155F}.Debug|Any CPU.ActiveCfg = Debug|Any CPU
		{E4C04570-8EB7-48B6-9099-01BAE4F1155F}.Debug|Any CPU.Build.0 = Debug|Any CPU
		{E4C04570-8EB7-48B6-9099-01BAE4F1155F}.Release|Any CPU.ActiveCfg = Release|Any CPU
		{E4C04570-8EB7-48B6-9099-01BAE4F1155F}.Release|Any CPU.Build.0 = Release|Any CPU
		{ED223FF3-7F6B-46B5-9A87-6694DB555C6C}.Debug|Any CPU.ActiveCfg = Debug|Any CPU
		{ED223FF3-7F6B-46B5-9A87-6694DB555C6C}.Debug|Any CPU.Build.0 = Debug|Any CPU
		{ED223FF3-7F6B-46B5-9A87-6694DB555C6C}.Release|Any CPU.ActiveCfg = Release|Any CPU
		{ED223FF3-7F6B-46B5-9A87-6694DB555C6C}.Release|Any CPU.Build.0 = Release|Any CPU
		{67DC36E5-D3B7-4912-A255-D582B1DEB728}.Debug|Any CPU.ActiveCfg = Debug|Any CPU
		{67DC36E5-D3B7-4912-A255-D582B1DEB728}.Debug|Any CPU.Build.0 = Debug|Any CPU
		{67DC36E5-D3B7-4912-A255-D582B1DEB728}.Release|Any CPU.ActiveCfg = Release|Any CPU
		{67DC36E5-D3B7-4912-A255-D582B1DEB728}.Release|Any CPU.Build.0 = Release|Any CPU
	EndGlobalSection
	GlobalSection(SolutionProperties) = preSolution
		HideSolutionNode = FALSE
	EndGlobalSection
	GlobalSection(NestedProjects) = preSolution
		{B08692DA-8E74-4F3D-9B8E-66C5962BD7D1} = {A880C40E-8DAF-4EFF-AE50-B8983AF424D3}
		{932A6303-B363-4739-9051-C195C54D9C1C} = {229E6D6C-AB33-4095-A09B-647434079280}
		{D571B3C8-F426-4A5B-BEB7-0B2D5B95A6C4} = {229E6D6C-AB33-4095-A09B-647434079280}
		{C4DEA4A3-B50A-4ACD-9017-4919576CE069} = {1B6D9C2E-9D39-49E2-8522-29049C3D4821}
		{229E6D6C-AB33-4095-A09B-647434079280} = {1B6D9C2E-9D39-49E2-8522-29049C3D4821}
		{A880C40E-8DAF-4EFF-AE50-B8983AF424D3} = {1B6D9C2E-9D39-49E2-8522-29049C3D4821}
		{1B6D9C2E-9D39-49E2-8522-29049C3D4821} = {ED7512B7-0598-4815-9DE5-B3BE0F55C1D2}
		{0CCED088-DBB6-4DA2-8DFC-D9968EEBB9FA} = {C4DEA4A3-B50A-4ACD-9017-4919576CE069}
		{ED7512B7-0598-4815-9DE5-B3BE0F55C1D2} = {5366F688-8087-42D7-BBB3-3D8E6391AD44}
		{97896734-F855-4E7F-8BAF-9099D8ABCC90} = {5366F688-8087-42D7-BBB3-3D8E6391AD44}
		{C3BB5B96-BE90-43F8-BB59-C4610E21152A} = {97896734-F855-4E7F-8BAF-9099D8ABCC90}
		{E4C04570-8EB7-48B6-9099-01BAE4F1155F} = {97896734-F855-4E7F-8BAF-9099D8ABCC90}
		{ED223FF3-7F6B-46B5-9A87-6694DB555C6C} = {97896734-F855-4E7F-8BAF-9099D8ABCC90}
		{67DC36E5-D3B7-4912-A255-D582B1DEB728} = {97896734-F855-4E7F-8BAF-9099D8ABCC90}
	EndGlobalSection
	GlobalSection(ExtensibilityGlobals) = postSolution
		SolutionGuid = {E28A6DDE-2575-483D-8C8B-7929357BA44A}
	EndGlobalSection
EndGlobal
